
Microsoft Visual Studio Solution File, Format Version 12.00
# Visual Studio Version 17
VisualStudioVersion = 17.13.35828.75 d17.13
MinimumVisualStudioVersion = 10.0.40219.1
Project("{FAE04EC0-301F-11D3-BF4B-00C04F79EFBC}") = "Tiu", "Tiu.csproj", "{A1478FA1-B987-4415-A3C0-1F584CF5B81A}"
EndProject
Global
	GlobalSection(SolutionConfigurationPlatforms) = preSolution
		Debug|Any CPU = Debug|Any CPU
		Release|Any CPU = Release|Any CPU
	EndGlobalSection
	GlobalSection(ProjectConfigurationPlatforms) = postSolution
		{A1478FA1-B987-4415-A3C0-1F584CF5B81A}.Debug|Any CPU.ActiveCfg = Debug|Any CPU
		{A1478FA1-B987-4415-A3C0-1F584CF5B81A}.Debug|Any CPU.Build.0 = Debug|Any CPU
		{A1478FA1-B987-4415-A3C0-1F584CF5B81A}.Release|Any CPU.ActiveCfg = Release|Any CPU
		{A1478FA1-B987-4415-A3C0-1F584CF5B81A}.Release|Any CPU.Build.0 = Release|Any CPU
	EndGlobalSection
	GlobalSection(SolutionProperties) = preSolution
		HideSolutionNode = FALSE
	EndGlobalSection
	GlobalSection(ExtensibilityGlobals) = postSolution
		SolutionGuid = {7C2F2F4E-DDB9-441C-B99C-6DCDE55FB4A7}
	EndGlobalSection
EndGlobal
